// !$*UTF8*$!
{
	archiveVersion = 1;
	classes = {
	};
	objectVersion = 46;
	objects = {

/* Begin PBXBuildFile section */
		17088ED61C5010EA007ADE1B /* ELWebService.framework in Frameworks */ = {isa = PBXBuildFile; fileRef = 179C5C5E1AB079980047169F /* ELWebService.framework */; };
		17088EEB1C501208007ADE1B /* WebServiceTests.swift in Sources */ = {isa = PBXBuildFile; fileRef = 17088EE91C501208007ADE1B /* WebServiceTests.swift */; };
		17088EEC1C501208007ADE1B /* RequestTests.swift in Sources */ = {isa = PBXBuildFile; fileRef = 17088EEA1C501208007ADE1B /* RequestTests.swift */; };
		1720E8241C6A483100DBB925 /* ServicePassthroughDelegate.swift in Sources */ = {isa = PBXBuildFile; fileRef = 1720E8231C6A483100DBB925 /* ServicePassthroughDelegate.swift */; };
		1720E8261C6A508000DBB925 /* ServicePassthroughDelegateTests.swift in Sources */ = {isa = PBXBuildFile; fileRef = 1720E8251C6A508000DBB925 /* ServicePassthroughDelegateTests.swift */; };
		17547AD61C6121E200D4B030 /* ServiceTask+ObjC.swift in Sources */ = {isa = PBXBuildFile; fileRef = 17547AD51C6121E200D4B030 /* ServiceTask+ObjC.swift */; };
		175B36441C85ED6400F385DD /* Mocking.swift in Sources */ = {isa = PBXBuildFile; fileRef = 175B36431C85ED6400F385DD /* Mocking.swift */; };
		1772B15C1C88F0BA006587E0 /* NSURLComponentsTests.swift in Sources */ = {isa = PBXBuildFile; fileRef = 1772B15B1C88F0BA006587E0 /* NSURLComponentsTests.swift */; };
		1772B1601C88F11E006587E0 /* ParameterEncodingTests.swift in Sources */ = {isa = PBXBuildFile; fileRef = 1772B15F1C88F11E006587E0 /* ParameterEncodingTests.swift */; };
		177ECD741C8738F70049EB6F /* MockingTests.swift in Sources */ = {isa = PBXBuildFile; fileRef = 177ECD731C8738F70049EB6F /* MockingTests.swift */; };
		177ECD761C8743B50049EB6F /* ServiceTaskTests.swift in Sources */ = {isa = PBXBuildFile; fileRef = 177ECD751C8743B50049EB6F /* ServiceTaskTests.swift */; };
		17821A011C623B2D00D3837D /* ObjCInteropTests.m in Sources */ = {isa = PBXBuildFile; fileRef = 17821A001C623B2D00D3837D /* ObjCInteropTests.m */; };
		17821A031C623D2C00D3837D /* ServiceTask+ResponseInjection.swift in Sources */ = {isa = PBXBuildFile; fileRef = 17821A021C623D2C00D3837D /* ServiceTask+ResponseInjection.swift */; };
		17BA678F1C8416C500A26309 /* Session.swift in Sources */ = {isa = PBXBuildFile; fileRef = 17BA678E1C8416C500A26309 /* Session.swift */; };
		17C96AAB1AB0CBB800D49071 /* LICENSE in Resources */ = {isa = PBXBuildFile; fileRef = 17C96AAA1AB0CBB800D49071 /* LICENSE */; };
		17D064691F3425A6007E1035 /* ServiceTaskMetrics.swift in Sources */ = {isa = PBXBuildFile; fileRef = 17D064681F3425A6007E1035 /* ServiceTaskMetrics.swift */; };
		17D1879E1AB0B173000742BF /* ELWebService.h in Headers */ = {isa = PBXBuildFile; fileRef = 17D187991AB0B173000742BF /* ELWebService.h */; settings = {ATTRIBUTES = (Public, ); }; };
		3E8CA4A320E587CB00CBDA69 /* ServiceTask.swift in Sources */ = {isa = PBXBuildFile; fileRef = 17088EE21C5011FB007ADE1B /* ServiceTask.swift */; };
		3E8CA4A420E587CB00CBDA69 /* Request.swift in Sources */ = {isa = PBXBuildFile; fileRef = 17088EE31C5011FB007ADE1B /* Request.swift */; };
		3E8CA4A520E587CB00CBDA69 /* WebService.swift in Sources */ = {isa = PBXBuildFile; fileRef = 17088EDF1C5011FB007ADE1B /* WebService.swift */; };
		3E8CA4A620E587CB00CBDA69 /* Mocking.swift in Sources */ = {isa = PBXBuildFile; fileRef = 175B36431C85ED6400F385DD /* Mocking.swift */; };
		3E8CA4A720E587CB00CBDA69 /* Session.swift in Sources */ = {isa = PBXBuildFile; fileRef = 17BA678E1C8416C500A26309 /* Session.swift */; };
		3E8CA4A820E587CB00CBDA69 /* ServiceTask+ObjC.swift in Sources */ = {isa = PBXBuildFile; fileRef = 17547AD51C6121E200D4B030 /* ServiceTask+ObjC.swift */; };
		3E8CA4A920E587CB00CBDA69 /* ServicePassthroughDelegate.swift in Sources */ = {isa = PBXBuildFile; fileRef = 1720E8231C6A483100DBB925 /* ServicePassthroughDelegate.swift */; };
		3E8CA4AA20E587CB00CBDA69 /* ServiceTaskMetrics.swift in Sources */ = {isa = PBXBuildFile; fileRef = 17D064681F3425A6007E1035 /* ServiceTaskMetrics.swift */; };
		3E8CA4AB20E587CB00CBDA69 /* ServiceTaskResult.swift in Sources */ = {isa = PBXBuildFile; fileRef = 17088EE11C5011FB007ADE1B /* ServiceTaskResult.swift */; };
		3E8CA4AE20E587CB00CBDA69 /* ELWebService.h in Headers */ = {isa = PBXBuildFile; fileRef = 17D187991AB0B173000742BF /* ELWebService.h */; settings = {ATTRIBUTES = (Public, ); }; };
		3E8CA4B020E587CB00CBDA69 /* LICENSE in Resources */ = {isa = PBXBuildFile; fileRef = 17C96AAA1AB0CBB800D49071 /* LICENSE */; };
		B6A79DEF2204E24500059604 /* AsyncData.swift in Sources */ = {isa = PBXBuildFile; fileRef = B6D3D2CE2203C70400B19F23 /* AsyncData.swift */; };
		B6A79DF02204E24500059604 /* AsyncDataTask.swift in Sources */ = {isa = PBXBuildFile; fileRef = B6D3D2CA2203B02700B19F23 /* AsyncDataTask.swift */; };
		B6D3D2CB2203B02700B19F23 /* AsyncDataTask.swift in Sources */ = {isa = PBXBuildFile; fileRef = B6D3D2CA2203B02700B19F23 /* AsyncDataTask.swift */; };
		B6D3D2CD2203BE6B00B19F23 /* AsyncDataTaskTests.swift in Sources */ = {isa = PBXBuildFile; fileRef = B6D3D2CC2203BE6B00B19F23 /* AsyncDataTaskTests.swift */; };
		B6D3D2CF2203C70400B19F23 /* AsyncData.swift in Sources */ = {isa = PBXBuildFile; fileRef = B6D3D2CE2203C70400B19F23 /* AsyncData.swift */; };
		CAF0AF991C5054DE0007761C /* WebService.swift in Sources */ = {isa = PBXBuildFile; fileRef = 17088EDF1C5011FB007ADE1B /* WebService.swift */; };
		CAF0AF9B1C5054E60007761C /* ServiceTaskResult.swift in Sources */ = {isa = PBXBuildFile; fileRef = 17088EE11C5011FB007ADE1B /* ServiceTaskResult.swift */; };
		CAF0AF9C1C5054E90007761C /* ServiceTask.swift in Sources */ = {isa = PBXBuildFile; fileRef = 17088EE21C5011FB007ADE1B /* ServiceTask.swift */; };
		CAF0AF9D1C5054ED0007761C /* Request.swift in Sources */ = {isa = PBXBuildFile; fileRef = 17088EE31C5011FB007ADE1B /* Request.swift */; };
/* End PBXBuildFile section */

/* Begin PBXContainerItemProxy section */
		17088ED71C5010EA007ADE1B /* PBXContainerItemProxy */ = {
			isa = PBXContainerItemProxy;
			containerPortal = 179C5C551AB079980047169F /* Project object */;
			proxyType = 1;
			remoteGlobalIDString = 179C5C5D1AB079980047169F;
			remoteInfo = ELWebService;
		};
/* End PBXContainerItemProxy section */

/* Begin PBXFileReference section */
		17088ED11C5010EA007ADE1B /* ELWebServiceTests.xctest */ = {isa = PBXFileReference; explicitFileType = wrapper.cfbundle; includeInIndex = 0; path = ELWebServiceTests.xctest; sourceTree = BUILT_PRODUCTS_DIR; };
		17088ED51C5010EA007ADE1B /* Info.plist */ = {isa = PBXFileReference; lastKnownFileType = text.plist.xml; path = Info.plist; sourceTree = "<group>"; };
		17088EDF1C5011FB007ADE1B /* WebService.swift */ = {isa = PBXFileReference; fileEncoding = 4; lastKnownFileType = sourcecode.swift; path = WebService.swift; sourceTree = "<group>"; };
		17088EE11C5011FB007ADE1B /* ServiceTaskResult.swift */ = {isa = PBXFileReference; fileEncoding = 4; lastKnownFileType = sourcecode.swift; path = ServiceTaskResult.swift; sourceTree = "<group>"; };
		17088EE21C5011FB007ADE1B /* ServiceTask.swift */ = {isa = PBXFileReference; fileEncoding = 4; lastKnownFileType = sourcecode.swift; path = ServiceTask.swift; sourceTree = "<group>"; };
		17088EE31C5011FB007ADE1B /* Request.swift */ = {isa = PBXFileReference; fileEncoding = 4; lastKnownFileType = sourcecode.swift; path = Request.swift; sourceTree = "<group>"; };
		17088EE91C501208007ADE1B /* WebServiceTests.swift */ = {isa = PBXFileReference; fileEncoding = 4; lastKnownFileType = sourcecode.swift; path = WebServiceTests.swift; sourceTree = "<group>"; };
		17088EEA1C501208007ADE1B /* RequestTests.swift */ = {isa = PBXFileReference; fileEncoding = 4; lastKnownFileType = sourcecode.swift; path = RequestTests.swift; sourceTree = "<group>"; };
		1720E8231C6A483100DBB925 /* ServicePassthroughDelegate.swift */ = {isa = PBXFileReference; fileEncoding = 4; lastKnownFileType = sourcecode.swift; path = ServicePassthroughDelegate.swift; sourceTree = "<group>"; };
		1720E8251C6A508000DBB925 /* ServicePassthroughDelegateTests.swift */ = {isa = PBXFileReference; fileEncoding = 4; lastKnownFileType = sourcecode.swift; path = ServicePassthroughDelegateTests.swift; sourceTree = "<group>"; };
		17547AD51C6121E200D4B030 /* ServiceTask+ObjC.swift */ = {isa = PBXFileReference; fileEncoding = 4; lastKnownFileType = sourcecode.swift; path = "ServiceTask+ObjC.swift"; sourceTree = "<group>"; };
		175B36431C85ED6400F385DD /* Mocking.swift */ = {isa = PBXFileReference; fileEncoding = 4; lastKnownFileType = sourcecode.swift; path = Mocking.swift; sourceTree = "<group>"; };
		1772B15B1C88F0BA006587E0 /* NSURLComponentsTests.swift */ = {isa = PBXFileReference; fileEncoding = 4; lastKnownFileType = sourcecode.swift; path = NSURLComponentsTests.swift; sourceTree = "<group>"; };
		1772B15F1C88F11E006587E0 /* ParameterEncodingTests.swift */ = {isa = PBXFileReference; fileEncoding = 4; lastKnownFileType = sourcecode.swift; path = ParameterEncodingTests.swift; sourceTree = "<group>"; };
		177ECD731C8738F70049EB6F /* MockingTests.swift */ = {isa = PBXFileReference; fileEncoding = 4; lastKnownFileType = sourcecode.swift; path = MockingTests.swift; sourceTree = "<group>"; };
		177ECD751C8743B50049EB6F /* ServiceTaskTests.swift */ = {isa = PBXFileReference; fileEncoding = 4; lastKnownFileType = sourcecode.swift; path = ServiceTaskTests.swift; sourceTree = "<group>"; };
		178219FF1C623B2C00D3837D /* ELWebServiceTests-Bridging-Header.h */ = {isa = PBXFileReference; lastKnownFileType = sourcecode.c.h; path = "ELWebServiceTests-Bridging-Header.h"; sourceTree = "<group>"; };
		17821A001C623B2D00D3837D /* ObjCInteropTests.m */ = {isa = PBXFileReference; fileEncoding = 4; lastKnownFileType = sourcecode.c.objc; path = ObjCInteropTests.m; sourceTree = "<group>"; };
		17821A021C623D2C00D3837D /* ServiceTask+ResponseInjection.swift */ = {isa = PBXFileReference; fileEncoding = 4; lastKnownFileType = sourcecode.swift; path = "ServiceTask+ResponseInjection.swift"; sourceTree = "<group>"; };
		179C5C5E1AB079980047169F /* ELWebService.framework */ = {isa = PBXFileReference; explicitFileType = wrapper.framework; includeInIndex = 0; path = ELWebService.framework; sourceTree = BUILT_PRODUCTS_DIR; };
		17BA678E1C8416C500A26309 /* Session.swift */ = {isa = PBXFileReference; fileEncoding = 4; lastKnownFileType = sourcecode.swift; path = Session.swift; sourceTree = "<group>"; };
		17C96AAA1AB0CBB800D49071 /* LICENSE */ = {isa = PBXFileReference; lastKnownFileType = text; name = LICENSE; path = ../LICENSE; sourceTree = "<group>"; };
		17D064681F3425A6007E1035 /* ServiceTaskMetrics.swift */ = {isa = PBXFileReference; fileEncoding = 4; lastKnownFileType = sourcecode.swift; path = ServiceTaskMetrics.swift; sourceTree = "<group>"; };
		17D187961AB0B173000742BF /* Info.plist */ = {isa = PBXFileReference; fileEncoding = 4; lastKnownFileType = text.plist.xml; path = Info.plist; sourceTree = "<group>"; };
		17D187991AB0B173000742BF /* ELWebService.h */ = {isa = PBXFileReference; fileEncoding = 4; lastKnownFileType = sourcecode.c.h; path = ELWebService.h; sourceTree = "<group>"; };
		3E8CA4B520E587CB00CBDA69 /* ELWebService.framework */ = {isa = PBXFileReference; explicitFileType = wrapper.framework; includeInIndex = 0; path = ELWebService.framework; sourceTree = BUILT_PRODUCTS_DIR; };
		B6D3D2CA2203B02700B19F23 /* AsyncDataTask.swift */ = {isa = PBXFileReference; lastKnownFileType = sourcecode.swift; path = AsyncDataTask.swift; sourceTree = "<group>"; };
		B6D3D2CC2203BE6B00B19F23 /* AsyncDataTaskTests.swift */ = {isa = PBXFileReference; lastKnownFileType = sourcecode.swift; path = AsyncDataTaskTests.swift; sourceTree = "<group>"; };
		B6D3D2CE2203C70400B19F23 /* AsyncData.swift */ = {isa = PBXFileReference; lastKnownFileType = sourcecode.swift; path = AsyncData.swift; sourceTree = "<group>"; };
/* End PBXFileReference section */

/* Begin PBXFrameworksBuildPhase section */
		17088ECE1C5010EA007ADE1B /* Frameworks */ = {
			isa = PBXFrameworksBuildPhase;
			buildActionMask = 2147483647;
			files = (
				17088ED61C5010EA007ADE1B /* ELWebService.framework in Frameworks */,
			);
			runOnlyForDeploymentPostprocessing = 0;
		};
		179C5C5A1AB079980047169F /* Frameworks */ = {
			isa = PBXFrameworksBuildPhase;
			buildActionMask = 2147483647;
			files = (
			);
			runOnlyForDeploymentPostprocessing = 0;
		};
		3E8CA4AC20E587CB00CBDA69 /* Frameworks */ = {
			isa = PBXFrameworksBuildPhase;
			buildActionMask = 2147483647;
			files = (
			);
			runOnlyForDeploymentPostprocessing = 0;
		};
/* End PBXFrameworksBuildPhase section */

/* Begin PBXGroup section */
		17088ED21C5010EA007ADE1B /* ELWebServiceTests */ = {
			isa = PBXGroup;
			children = (
				178219FF1C623B2C00D3837D /* ELWebServiceTests-Bridging-Header.h */,
				17088ED51C5010EA007ADE1B /* Info.plist */,
				B6D3D2CC2203BE6B00B19F23 /* AsyncDataTaskTests.swift */,
				177ECD731C8738F70049EB6F /* MockingTests.swift */,
				1772B15B1C88F0BA006587E0 /* NSURLComponentsTests.swift */,
				17821A001C623B2D00D3837D /* ObjCInteropTests.m */,
				1772B15F1C88F11E006587E0 /* ParameterEncodingTests.swift */,
				17088EEA1C501208007ADE1B /* RequestTests.swift */,
				177ECD751C8743B50049EB6F /* ServiceTaskTests.swift */,
				17821A021C623D2C00D3837D /* ServiceTask+ResponseInjection.swift */,
				1720E8251C6A508000DBB925 /* ServicePassthroughDelegateTests.swift */,
				17088EE91C501208007ADE1B /* WebServiceTests.swift */,
			);
			path = ELWebServiceTests;
			sourceTree = "<group>";
		};
		179C5C541AB079980047169F = {
			isa = PBXGroup;
			children = (
				17D187951AB0B173000742BF /* Source */,
				17D187A01AB0B1F7000742BF /* Supporting Files */,
				17088ED21C5010EA007ADE1B /* ELWebServiceTests */,
				179C5C5F1AB079980047169F /* Products */,
			);
			sourceTree = "<group>";
		};
		179C5C5F1AB079980047169F /* Products */ = {
			isa = PBXGroup;
			children = (
				179C5C5E1AB079980047169F /* ELWebService.framework */,
				17088ED11C5010EA007ADE1B /* ELWebServiceTests.xctest */,
				3E8CA4B520E587CB00CBDA69 /* ELWebService.framework */,
			);
			name = Products;
			sourceTree = "<group>";
		};
		17D187951AB0B173000742BF /* Source */ = {
			isa = PBXGroup;
			children = (
				17D1E56A1AD5538000384D2D /* Core */,
				17D187991AB0B173000742BF /* ELWebService.h */,
			);
			path = Source;
			sourceTree = "<group>";
		};
		17D187A01AB0B1F7000742BF /* Supporting Files */ = {
			isa = PBXGroup;
			children = (
				17C96AAA1AB0CBB800D49071 /* LICENSE */,
				17D187961AB0B173000742BF /* Info.plist */,
			);
			name = "Supporting Files";
			path = Source;
			sourceTree = "<group>";
		};
		17D1E56A1AD5538000384D2D /* Core */ = {
			isa = PBXGroup;
			children = (
				B6D3D2CE2203C70400B19F23 /* AsyncData.swift */,
				B6D3D2CA2203B02700B19F23 /* AsyncDataTask.swift */,
				175B36431C85ED6400F385DD /* Mocking.swift */,
				17088EE31C5011FB007ADE1B /* Request.swift */,
				1720E8231C6A483100DBB925 /* ServicePassthroughDelegate.swift */,
				17088EE21C5011FB007ADE1B /* ServiceTask.swift */,
				17088EE11C5011FB007ADE1B /* ServiceTaskResult.swift */,
				17547AD51C6121E200D4B030 /* ServiceTask+ObjC.swift */,
				17BA678E1C8416C500A26309 /* Session.swift */,
				17088EDF1C5011FB007ADE1B /* WebService.swift */,
				17D064681F3425A6007E1035 /* ServiceTaskMetrics.swift */,
			);
			path = Core;
			sourceTree = "<group>";
		};
/* End PBXGroup section */

/* Begin PBXHeadersBuildPhase section */
		179C5C5B1AB079980047169F /* Headers */ = {
			isa = PBXHeadersBuildPhase;
			buildActionMask = 2147483647;
			files = (
				17D1879E1AB0B173000742BF /* ELWebService.h in Headers */,
			);
			runOnlyForDeploymentPostprocessing = 0;
		};
		3E8CA4AD20E587CB00CBDA69 /* Headers */ = {
			isa = PBXHeadersBuildPhase;
			buildActionMask = 2147483647;
			files = (
				3E8CA4AE20E587CB00CBDA69 /* ELWebService.h in Headers */,
			);
			runOnlyForDeploymentPostprocessing = 0;
		};
/* End PBXHeadersBuildPhase section */

/* Begin PBXNativeTarget section */
		17088ED01C5010EA007ADE1B /* ELWebServiceTests */ = {
			isa = PBXNativeTarget;
			buildConfigurationList = 17088ED91C5010EA007ADE1B /* Build configuration list for PBXNativeTarget "ELWebServiceTests" */;
			buildPhases = (
				17088ECD1C5010EA007ADE1B /* Sources */,
				17088ECE1C5010EA007ADE1B /* Frameworks */,
				17088ECF1C5010EA007ADE1B /* Resources */,
			);
			buildRules = (
			);
			dependencies = (
				17088ED81C5010EA007ADE1B /* PBXTargetDependency */,
			);
			name = ELWebServiceTests;
			productName = ELWebServiceTests;
			productReference = 17088ED11C5010EA007ADE1B /* ELWebServiceTests.xctest */;
			productType = "com.apple.product-type.bundle.unit-test";
		};
		179C5C5D1AB079980047169F /* ELWebService */ = {
			isa = PBXNativeTarget;
			buildConfigurationList = 179C5C741AB079980047169F /* Build configuration list for PBXNativeTarget "ELWebService" */;
			buildPhases = (
				179C5C591AB079980047169F /* Sources */,
				179C5C5A1AB079980047169F /* Frameworks */,
				179C5C5B1AB079980047169F /* Headers */,
				179C5C5C1AB079980047169F /* Resources */,
			);
			buildRules = (
			);
			dependencies = (
			);
			name = ELWebService;
			productName = THGWebService;
			productReference = 179C5C5E1AB079980047169F /* ELWebService.framework */;
			productType = "com.apple.product-type.framework";
		};
		3E8CA4A120E587CB00CBDA69 /* ELWebService_static */ = {
			isa = PBXNativeTarget;
			buildConfigurationList = 3E8CA4B120E587CB00CBDA69 /* Build configuration list for PBXNativeTarget "ELWebService_static" */;
			buildPhases = (
				3E8CA4A220E587CB00CBDA69 /* Sources */,
				3E8CA4AC20E587CB00CBDA69 /* Frameworks */,
				3E8CA4AD20E587CB00CBDA69 /* Headers */,
				3E8CA4AF20E587CB00CBDA69 /* Resources */,
			);
			buildRules = (
			);
			dependencies = (
			);
			name = ELWebService_static;
			productName = THGWebService;
			productReference = 3E8CA4B520E587CB00CBDA69 /* ELWebService.framework */;
			productType = "com.apple.product-type.framework";
		};
/* End PBXNativeTarget section */

/* Begin PBXProject section */
		179C5C551AB079980047169F /* Project object */ = {
			isa = PBXProject;
			attributes = {
				LastSwiftUpdateCheck = 0720;
				LastUpgradeCheck = 0930;
				ORGANIZATIONNAME = WalmartLabs;
				TargetAttributes = {
					17088ED01C5010EA007ADE1B = {
						CreatedOnToolsVersion = 7.2;
						LastSwiftMigration = 1020;
					};
					179C5C5D1AB079980047169F = {
						CreatedOnToolsVersion = 6.3;
						LastSwiftMigration = 0920;
					};
				};
			};
			buildConfigurationList = 179C5C581AB079980047169F /* Build configuration list for PBXProject "ELWebService" */;
			compatibilityVersion = "Xcode 3.2";
			developmentRegion = en;
			hasScannedForEncodings = 0;
			knownRegions = (
				en,
				Base,
			);
			mainGroup = 179C5C541AB079980047169F;
			productRefGroup = 179C5C5F1AB079980047169F /* Products */;
			projectDirPath = "";
			projectRoot = "";
			targets = (
				179C5C5D1AB079980047169F /* ELWebService */,
				3E8CA4A120E587CB00CBDA69 /* ELWebService_static */,
				17088ED01C5010EA007ADE1B /* ELWebServiceTests */,
			);
		};
/* End PBXProject section */

/* Begin PBXResourcesBuildPhase section */
		17088ECF1C5010EA007ADE1B /* Resources */ = {
			isa = PBXResourcesBuildPhase;
			buildActionMask = 2147483647;
			files = (
			);
			runOnlyForDeploymentPostprocessing = 0;
		};
		179C5C5C1AB079980047169F /* Resources */ = {
			isa = PBXResourcesBuildPhase;
			buildActionMask = 2147483647;
			files = (
				17C96AAB1AB0CBB800D49071 /* LICENSE in Resources */,
			);
			runOnlyForDeploymentPostprocessing = 0;
		};
		3E8CA4AF20E587CB00CBDA69 /* Resources */ = {
			isa = PBXResourcesBuildPhase;
			buildActionMask = 2147483647;
			files = (
				3E8CA4B020E587CB00CBDA69 /* LICENSE in Resources */,
			);
			runOnlyForDeploymentPostprocessing = 0;
		};
/* End PBXResourcesBuildPhase section */

/* Begin PBXSourcesBuildPhase section */
		17088ECD1C5010EA007ADE1B /* Sources */ = {
			isa = PBXSourcesBuildPhase;
			buildActionMask = 2147483647;
			files = (
				177ECD741C8738F70049EB6F /* MockingTests.swift in Sources */,
				1772B15C1C88F0BA006587E0 /* NSURLComponentsTests.swift in Sources */,
				17821A011C623B2D00D3837D /* ObjCInteropTests.m in Sources */,
				17088EEC1C501208007ADE1B /* RequestTests.swift in Sources */,
				17821A031C623D2C00D3837D /* ServiceTask+ResponseInjection.swift in Sources */,
				B6D3D2CD2203BE6B00B19F23 /* AsyncDataTaskTests.swift in Sources */,
				177ECD761C8743B50049EB6F /* ServiceTaskTests.swift in Sources */,
				17088EEB1C501208007ADE1B /* WebServiceTests.swift in Sources */,
				1772B1601C88F11E006587E0 /* ParameterEncodingTests.swift in Sources */,
				1720E8261C6A508000DBB925 /* ServicePassthroughDelegateTests.swift in Sources */,
			);
			runOnlyForDeploymentPostprocessing = 0;
		};
		179C5C591AB079980047169F /* Sources */ = {
			isa = PBXSourcesBuildPhase;
			buildActionMask = 2147483647;
			files = (
				CAF0AF9C1C5054E90007761C /* ServiceTask.swift in Sources */,
				B6D3D2CB2203B02700B19F23 /* AsyncDataTask.swift in Sources */,
				CAF0AF9D1C5054ED0007761C /* Request.swift in Sources */,
				CAF0AF991C5054DE0007761C /* WebService.swift in Sources */,
				175B36441C85ED6400F385DD /* Mocking.swift in Sources */,
				17BA678F1C8416C500A26309 /* Session.swift in Sources */,
				17547AD61C6121E200D4B030 /* ServiceTask+ObjC.swift in Sources */,
				1720E8241C6A483100DBB925 /* ServicePassthroughDelegate.swift in Sources */,
				17D064691F3425A6007E1035 /* ServiceTaskMetrics.swift in Sources */,
				B6D3D2CF2203C70400B19F23 /* AsyncData.swift in Sources */,
				CAF0AF9B1C5054E60007761C /* ServiceTaskResult.swift in Sources */,
			);
			runOnlyForDeploymentPostprocessing = 0;
		};
		3E8CA4A220E587CB00CBDA69 /* Sources */ = {
			isa = PBXSourcesBuildPhase;
			buildActionMask = 2147483647;
			files = (
				3E8CA4A320E587CB00CBDA69 /* ServiceTask.swift in Sources */,
				B6A79DF02204E24500059604 /* AsyncDataTask.swift in Sources */,
				3E8CA4A420E587CB00CBDA69 /* Request.swift in Sources */,
				B6A79DEF2204E24500059604 /* AsyncData.swift in Sources */,
				3E8CA4A520E587CB00CBDA69 /* WebService.swift in Sources */,
				3E8CA4A620E587CB00CBDA69 /* Mocking.swift in Sources */,
				3E8CA4A720E587CB00CBDA69 /* Session.swift in Sources */,
				3E8CA4A820E587CB00CBDA69 /* ServiceTask+ObjC.swift in Sources */,
				3E8CA4A920E587CB00CBDA69 /* ServicePassthroughDelegate.swift in Sources */,
				3E8CA4AA20E587CB00CBDA69 /* ServiceTaskMetrics.swift in Sources */,
				3E8CA4AB20E587CB00CBDA69 /* ServiceTaskResult.swift in Sources */,
			);
			runOnlyForDeploymentPostprocessing = 0;
		};
/* End PBXSourcesBuildPhase section */

/* Begin PBXTargetDependency section */
		17088ED81C5010EA007ADE1B /* PBXTargetDependency */ = {
			isa = PBXTargetDependency;
			target = 179C5C5D1AB079980047169F /* ELWebService */;
			targetProxy = 17088ED71C5010EA007ADE1B /* PBXContainerItemProxy */;
		};
/* End PBXTargetDependency section */

/* Begin XCBuildConfiguration section */
		17088EDA1C5010EA007ADE1B /* Debug */ = {
			isa = XCBuildConfiguration;
			buildSettings = {
				CLANG_ENABLE_MODULES = YES;
				DEVELOPMENT_TEAM = "";
				INFOPLIST_FILE = ELWebServiceTests/Info.plist;
				LD_RUNPATH_SEARCH_PATHS = "$(inherited) @executable_path/Frameworks @loader_path/Frameworks";
				PRODUCT_BUNDLE_IDENTIFIER = com.electrode.ELWebServiceTests;
				PRODUCT_NAME = "$(TARGET_NAME)";
				SWIFT_OBJC_BRIDGING_HEADER = "ELWebServiceTests/ELWebServiceTests-Bridging-Header.h";
				SWIFT_OPTIMIZATION_LEVEL = "-Onone";
				SWIFT_VERSION = 5.0;
			};
			name = Debug;
		};
		17088EDB1C5010EA007ADE1B /* Release */ = {
			isa = XCBuildConfiguration;
			buildSettings = {
				CLANG_ENABLE_MODULES = YES;
				DEVELOPMENT_TEAM = "";
				INFOPLIST_FILE = ELWebServiceTests/Info.plist;
				LD_RUNPATH_SEARCH_PATHS = "$(inherited) @executable_path/Frameworks @loader_path/Frameworks";
				PRODUCT_BUNDLE_IDENTIFIER = com.electrode.ELWebServiceTests;
				PRODUCT_NAME = "$(TARGET_NAME)";
				SWIFT_OBJC_BRIDGING_HEADER = "ELWebServiceTests/ELWebServiceTests-Bridging-Header.h";
				SWIFT_VERSION = 5.0;
			};
			name = Release;
		};
		179C5C721AB079980047169F /* Debug */ = {
			isa = XCBuildConfiguration;
			buildSettings = {
				ALWAYS_SEARCH_USER_PATHS = NO;
				CLANG_CXX_LANGUAGE_STANDARD = "gnu++0x";
				CLANG_CXX_LIBRARY = "libc++";
				CLANG_ENABLE_MODULES = YES;
				CLANG_ENABLE_OBJC_ARC = YES;
				CLANG_WARN_BLOCK_CAPTURE_AUTORELEASING = YES;
				CLANG_WARN_BOOL_CONVERSION = YES;
				CLANG_WARN_COMMA = YES;
				CLANG_WARN_CONSTANT_CONVERSION = YES;
				CLANG_WARN_DEPRECATED_OBJC_IMPLEMENTATIONS = YES;
				CLANG_WARN_DIRECT_OBJC_ISA_USAGE = YES_ERROR;
				CLANG_WARN_EMPTY_BODY = YES;
				CLANG_WARN_ENUM_CONVERSION = YES;
				CLANG_WARN_INFINITE_RECURSION = YES;
				CLANG_WARN_INT_CONVERSION = YES;
				CLANG_WARN_NON_LITERAL_NULL_CONVERSION = YES;
				CLANG_WARN_OBJC_IMPLICIT_RETAIN_SELF = YES;
				CLANG_WARN_OBJC_LITERAL_CONVERSION = YES;
				CLANG_WARN_OBJC_ROOT_CLASS = YES_ERROR;
				CLANG_WARN_RANGE_LOOP_ANALYSIS = YES;
				CLANG_WARN_STRICT_PROTOTYPES = YES;
				CLANG_WARN_SUSPICIOUS_MOVE = YES;
				CLANG_WARN_UNREACHABLE_CODE = YES;
				CLANG_WARN__DUPLICATE_METHOD_MATCH = YES;
				"CODE_SIGN_IDENTITY[sdk=iphoneos*]" = "iPhone Developer";
				COPY_PHASE_STRIP = NO;
				CURRENT_PROJECT_VERSION = 1;
				DEBUG_INFORMATION_FORMAT = dwarf;
				ENABLE_STRICT_OBJC_MSGSEND = YES;
				ENABLE_TESTABILITY = YES;
				GCC_C_LANGUAGE_STANDARD = gnu99;
				GCC_DYNAMIC_NO_PIC = NO;
				GCC_NO_COMMON_BLOCKS = YES;
				GCC_OPTIMIZATION_LEVEL = 0;
				GCC_PREPROCESSOR_DEFINITIONS = (
					"DEBUG=1",
					"$(inherited)",
				);
				GCC_SYMBOLS_PRIVATE_EXTERN = NO;
				GCC_WARN_64_TO_32_BIT_CONVERSION = YES;
				GCC_WARN_ABOUT_RETURN_TYPE = YES_ERROR;
				GCC_WARN_UNDECLARED_SELECTOR = YES;
				GCC_WARN_UNINITIALIZED_AUTOS = YES_AGGRESSIVE;
				GCC_WARN_UNUSED_FUNCTION = YES;
				GCC_WARN_UNUSED_VARIABLE = YES;
				IPHONEOS_DEPLOYMENT_TARGET = 8.0;
				MTL_ENABLE_DEBUG_INFO = YES;
				ONLY_ACTIVE_ARCH = YES;
				SDKROOT = iphoneos;
				SWIFT_OPTIMIZATION_LEVEL = "-Onone";
				TARGETED_DEVICE_FAMILY = "1,2";
				VERSIONING_SYSTEM = "apple-generic";
				VERSION_INFO_PREFIX = "";
			};
			name = Debug;
		};
		179C5C731AB079980047169F /* Release */ = {
			isa = XCBuildConfiguration;
			buildSettings = {
				ALWAYS_SEARCH_USER_PATHS = NO;
				CLANG_CXX_LANGUAGE_STANDARD = "gnu++0x";
				CLANG_CXX_LIBRARY = "libc++";
				CLANG_ENABLE_MODULES = YES;
				CLANG_ENABLE_OBJC_ARC = YES;
				CLANG_WARN_BLOCK_CAPTURE_AUTORELEASING = YES;
				CLANG_WARN_BOOL_CONVERSION = YES;
				CLANG_WARN_COMMA = YES;
				CLANG_WARN_CONSTANT_CONVERSION = YES;
				CLANG_WARN_DEPRECATED_OBJC_IMPLEMENTATIONS = YES;
				CLANG_WARN_DIRECT_OBJC_ISA_USAGE = YES_ERROR;
				CLANG_WARN_EMPTY_BODY = YES;
				CLANG_WARN_ENUM_CONVERSION = YES;
				CLANG_WARN_INFINITE_RECURSION = YES;
				CLANG_WARN_INT_CONVERSION = YES;
				CLANG_WARN_NON_LITERAL_NULL_CONVERSION = YES;
				CLANG_WARN_OBJC_IMPLICIT_RETAIN_SELF = YES;
				CLANG_WARN_OBJC_LITERAL_CONVERSION = YES;
				CLANG_WARN_OBJC_ROOT_CLASS = YES_ERROR;
				CLANG_WARN_RANGE_LOOP_ANALYSIS = YES;
				CLANG_WARN_STRICT_PROTOTYPES = YES;
				CLANG_WARN_SUSPICIOUS_MOVE = YES;
				CLANG_WARN_UNREACHABLE_CODE = YES;
				CLANG_WARN__DUPLICATE_METHOD_MATCH = YES;
				"CODE_SIGN_IDENTITY[sdk=iphoneos*]" = "iPhone Developer";
				COPY_PHASE_STRIP = NO;
				CURRENT_PROJECT_VERSION = 1;
				DEBUG_INFORMATION_FORMAT = "dwarf-with-dsym";
				ENABLE_NS_ASSERTIONS = NO;
				ENABLE_STRICT_OBJC_MSGSEND = YES;
				GCC_C_LANGUAGE_STANDARD = gnu99;
				GCC_NO_COMMON_BLOCKS = YES;
				GCC_WARN_64_TO_32_BIT_CONVERSION = YES;
				GCC_WARN_ABOUT_RETURN_TYPE = YES_ERROR;
				GCC_WARN_UNDECLARED_SELECTOR = YES;
				GCC_WARN_UNINITIALIZED_AUTOS = YES_AGGRESSIVE;
				GCC_WARN_UNUSED_FUNCTION = YES;
				GCC_WARN_UNUSED_VARIABLE = YES;
				IPHONEOS_DEPLOYMENT_TARGET = 8.0;
				MTL_ENABLE_DEBUG_INFO = NO;
				SDKROOT = iphoneos;
				SWIFT_OPTIMIZATION_LEVEL = "-Owholemodule";
				TARGETED_DEVICE_FAMILY = "1,2";
				VALIDATE_PRODUCT = YES;
				VERSIONING_SYSTEM = "apple-generic";
				VERSION_INFO_PREFIX = "";
			};
			name = Release;
		};
		179C5C751AB079980047169F /* Debug */ = {
			isa = XCBuildConfiguration;
			buildSettings = {
				"CODE_SIGN_IDENTITY[sdk=iphoneos*]" = "";
				DEFINES_MODULE = YES;
				DYLIB_COMPATIBILITY_VERSION = 1;
				DYLIB_CURRENT_VERSION = 1;
				DYLIB_INSTALL_NAME_BASE = "@rpath";
				ENABLE_TESTABILITY = YES;
				FRAMEWORK_SEARCH_PATHS = "";
				INFOPLIST_FILE = Source/Info.plist;
				INSTALL_PATH = "$(LOCAL_LIBRARY_DIR)/Frameworks";
				LD_RUNPATH_SEARCH_PATHS = "$(inherited) @executable_path/Frameworks @loader_path/Frameworks";
				PRODUCT_BUNDLE_IDENTIFIER = com.walmartlabs.ELWebService;
				PRODUCT_NAME = ELWebService;
				SKIP_INSTALL = YES;
				SWIFT_SWIFT3_OBJC_INFERENCE = Default;
				SWIFT_VERSION = 5.0;
			};
			name = Debug;
		};
		179C5C761AB079980047169F /* Release */ = {
			isa = XCBuildConfiguration;
			buildSettings = {
				"CODE_SIGN_IDENTITY[sdk=iphoneos*]" = "";
				DEFINES_MODULE = YES;
				DYLIB_COMPATIBILITY_VERSION = 1;
				DYLIB_CURRENT_VERSION = 1;
				DYLIB_INSTALL_NAME_BASE = "@rpath";
				ENABLE_TESTABILITY = YES;
				FRAMEWORK_SEARCH_PATHS = "";
				INFOPLIST_FILE = Source/Info.plist;
				INSTALL_PATH = "$(LOCAL_LIBRARY_DIR)/Frameworks";
				LD_RUNPATH_SEARCH_PATHS = "$(inherited) @executable_path/Frameworks @loader_path/Frameworks";
				PRODUCT_BUNDLE_IDENTIFIER = com.walmartlabs.ELWebService;
				PRODUCT_NAME = ELWebService;
				SKIP_INSTALL = YES;
				SWIFT_SWIFT3_OBJC_INFERENCE = Default;
				SWIFT_VERSION = 5.0;
			};
			name = Release;
		};
		3E8CA4B220E587CB00CBDA69 /* Debug */ = {
			isa = XCBuildConfiguration;
			buildSettings = {
				"CODE_SIGN_IDENTITY[sdk=iphoneos*]" = "";
				DEFINES_MODULE = YES;
				DYLIB_COMPATIBILITY_VERSION = 1;
				DYLIB_CURRENT_VERSION = 1;
				DYLIB_INSTALL_NAME_BASE = "@rpath";
				INFOPLIST_FILE = Source/Info.plist;
				LD_RUNPATH_SEARCH_PATHS = "$(inherited) @executable_path/Frameworks @loader_path/Frameworks";
				MACH_O_TYPE = staticlib;
				PRODUCT_BUNDLE_IDENTIFIER = com.walmartlabs.ELWebService;
				PRODUCT_NAME = ELWebService;
				SKIP_INSTALL = YES;
				SWIFT_VERSION = 4.0;
			};
			name = Debug;
		};
		3E8CA4B320E587CB00CBDA69 /* QADeployment */ = {
			isa = XCBuildConfiguration;
			buildSettings = {
				"CODE_SIGN_IDENTITY[sdk=iphoneos*]" = "";
				DEFINES_MODULE = YES;
				DYLIB_COMPATIBILITY_VERSION = 1;
				DYLIB_CURRENT_VERSION = 1;
				DYLIB_INSTALL_NAME_BASE = "@rpath";
				INFOPLIST_FILE = Source/Info.plist;
				LD_RUNPATH_SEARCH_PATHS = "$(inherited) @executable_path/Frameworks @loader_path/Frameworks";
				MACH_O_TYPE = staticlib;
				ONLY_ACTIVE_ARCH = NO;
				PRODUCT_BUNDLE_IDENTIFIER = com.walmartlabs.ELWebService;
				PRODUCT_NAME = ELWebService;
				SKIP_INSTALL = YES;
				SWIFT_VERSION = 4.0;
			};
			name = QADeployment;
		};
		3E8CA4B420E587CB00CBDA69 /* Release */ = {
			isa = XCBuildConfiguration;
			buildSettings = {
				"CODE_SIGN_IDENTITY[sdk=iphoneos*]" = "";
				DEFINES_MODULE = YES;
				DYLIB_COMPATIBILITY_VERSION = 1;
				DYLIB_CURRENT_VERSION = 1;
				DYLIB_INSTALL_NAME_BASE = "@rpath";
				INFOPLIST_FILE = Source/Info.plist;
				LD_RUNPATH_SEARCH_PATHS = "$(inherited) @executable_path/Frameworks @loader_path/Frameworks";
				MACH_O_TYPE = staticlib;
				PRODUCT_BUNDLE_IDENTIFIER = com.walmartlabs.ELWebService;
				PRODUCT_NAME = ELWebService;
				SKIP_INSTALL = YES;
				SWIFT_VERSION = 4.0;
			};
			name = Release;
		};
		DB5F6F7E1C77CEA50048EA81 /* QADeployment */ = {
			isa = XCBuildConfiguration;
			buildSettings = {
				ALWAYS_SEARCH_USER_PATHS = NO;
				CLANG_CXX_LANGUAGE_STANDARD = "gnu++0x";
				CLANG_CXX_LIBRARY = "libc++";
				CLANG_ENABLE_MODULES = YES;
				CLANG_ENABLE_OBJC_ARC = YES;
				CLANG_WARN_BLOCK_CAPTURE_AUTORELEASING = YES;
				CLANG_WARN_BOOL_CONVERSION = YES;
				CLANG_WARN_COMMA = YES;
				CLANG_WARN_CONSTANT_CONVERSION = YES;
				CLANG_WARN_DEPRECATED_OBJC_IMPLEMENTATIONS = YES;
				CLANG_WARN_DIRECT_OBJC_ISA_USAGE = YES_ERROR;
				CLANG_WARN_EMPTY_BODY = YES;
				CLANG_WARN_ENUM_CONVERSION = YES;
				CLANG_WARN_INFINITE_RECURSION = YES;
				CLANG_WARN_INT_CONVERSION = YES;
				CLANG_WARN_NON_LITERAL_NULL_CONVERSION = YES;
				CLANG_WARN_OBJC_IMPLICIT_RETAIN_SELF = YES;
				CLANG_WARN_OBJC_LITERAL_CONVERSION = YES;
				CLANG_WARN_OBJC_ROOT_CLASS = YES_ERROR;
				CLANG_WARN_RANGE_LOOP_ANALYSIS = YES;
				CLANG_WARN_STRICT_PROTOTYPES = YES;
				CLANG_WARN_SUSPICIOUS_MOVE = YES;
				CLANG_WARN_UNREACHABLE_CODE = YES;
				CLANG_WARN__DUPLICATE_METHOD_MATCH = YES;
				"CODE_SIGN_IDENTITY[sdk=iphoneos*]" = "iPhone Developer";
				COPY_PHASE_STRIP = NO;
				CURRENT_PROJECT_VERSION = 1;
				DEBUG_INFORMATION_FORMAT = dwarf;
				ENABLE_STRICT_OBJC_MSGSEND = YES;
				ENABLE_TESTABILITY = YES;
				GCC_C_LANGUAGE_STANDARD = gnu99;
				GCC_DYNAMIC_NO_PIC = NO;
				GCC_NO_COMMON_BLOCKS = YES;
				GCC_OPTIMIZATION_LEVEL = 0;
				GCC_PREPROCESSOR_DEFINITIONS = (
					"DEBUG=1",
					"$(inherited)",
				);
				GCC_SYMBOLS_PRIVATE_EXTERN = NO;
				GCC_WARN_64_TO_32_BIT_CONVERSION = YES;
				GCC_WARN_ABOUT_RETURN_TYPE = YES_ERROR;
				GCC_WARN_UNDECLARED_SELECTOR = YES;
				GCC_WARN_UNINITIALIZED_AUTOS = YES_AGGRESSIVE;
				GCC_WARN_UNUSED_FUNCTION = YES;
				GCC_WARN_UNUSED_VARIABLE = YES;
				IPHONEOS_DEPLOYMENT_TARGET = 8.0;
				MTL_ENABLE_DEBUG_INFO = YES;
				ONLY_ACTIVE_ARCH = YES;
				SDKROOT = iphoneos;
				SWIFT_OPTIMIZATION_LEVEL = "-Owholemodule";
				TARGETED_DEVICE_FAMILY = "1,2";
				VERSIONING_SYSTEM = "apple-generic";
				VERSION_INFO_PREFIX = "";
			};
			name = QADeployment;
		};
		DB5F6F7F1C77CEA50048EA81 /* QADeployment */ = {
			isa = XCBuildConfiguration;
			buildSettings = {
				"CODE_SIGN_IDENTITY[sdk=iphoneos*]" = "";
				DEFINES_MODULE = YES;
				DYLIB_COMPATIBILITY_VERSION = 1;
				DYLIB_CURRENT_VERSION = 1;
				DYLIB_INSTALL_NAME_BASE = "@rpath";
				ENABLE_TESTABILITY = YES;
				FRAMEWORK_SEARCH_PATHS = "";
				INFOPLIST_FILE = Source/Info.plist;
				INSTALL_PATH = "$(LOCAL_LIBRARY_DIR)/Frameworks";
				LD_RUNPATH_SEARCH_PATHS = "$(inherited) @executable_path/Frameworks @loader_path/Frameworks";
				ONLY_ACTIVE_ARCH = NO;
				PRODUCT_BUNDLE_IDENTIFIER = com.walmartlabs.ELWebService;
				PRODUCT_NAME = ELWebService;
				SKIP_INSTALL = YES;
				SWIFT_SWIFT3_OBJC_INFERENCE = Default;
				SWIFT_VERSION = 5.0;
			};
			name = QADeployment;
		};
		DB5F6F801C77CEA50048EA81 /* QADeployment */ = {
			isa = XCBuildConfiguration;
			buildSettings = {
				CLANG_ENABLE_MODULES = YES;
				DEVELOPMENT_TEAM = "";
				INFOPLIST_FILE = ELWebServiceTests/Info.plist;
				LD_RUNPATH_SEARCH_PATHS = "$(inherited) @executable_path/Frameworks @loader_path/Frameworks";
				PRODUCT_BUNDLE_IDENTIFIER = com.electrode.ELWebServiceTests;
				PRODUCT_NAME = "$(TARGET_NAME)";
				SWIFT_OBJC_BRIDGING_HEADER = "ELWebServiceTests/ELWebServiceTests-Bridging-Header.h";
				SWIFT_OPTIMIZATION_LEVEL = "-Owholemodule";
				SWIFT_VERSION = 5.0;
			};
			name = QADeployment;
		};
/* End XCBuildConfiguration section */

/* Begin XCConfigurationList section */
		17088ED91C5010EA007ADE1B /* Build configuration list for PBXNativeTarget "ELWebServiceTests" */ = {
			isa = XCConfigurationList;
			buildConfigurations = (
				17088EDA1C5010EA007ADE1B /* Debug */,
				DB5F6F801C77CEA50048EA81 /* QADeployment */,
				17088EDB1C5010EA007ADE1B /* Release */,
			);
			defaultConfigurationIsVisible = 0;
			defaultConfigurationName = Release;
		};
		179C5C581AB079980047169F /* Build configuration list for PBXProject "ELWebService" */ = {
			isa = XCConfigurationList;
			buildConfigurations = (
				179C5C721AB079980047169F /* Debug */,
				DB5F6F7E1C77CEA50048EA81 /* QADeployment */,
				179C5C731AB079980047169F /* Release */,
			);
			defaultConfigurationIsVisible = 0;
			defaultConfigurationName = Release;
		};
		179C5C741AB079980047169F /* Build configuration list for PBXNativeTarget "ELWebService" */ = {
			isa = XCConfigurationList;
			buildConfigurations = (
				179C5C751AB079980047169F /* Debug */,
				DB5F6F7F1C77CEA50048EA81 /* QADeployment */,
				179C5C761AB079980047169F /* Release */,
			);
			defaultConfigurationIsVisible = 0;
			defaultConfigurationName = Release;
		};
		3E8CA4B120E587CB00CBDA69 /* Build configuration list for PBXNativeTarget "ELWebService_static" */ = {
			isa = XCConfigurationList;
			buildConfigurations = (
				3E8CA4B220E587CB00CBDA69 /* Debug */,
				3E8CA4B320E587CB00CBDA69 /* QADeployment */,
				3E8CA4B420E587CB00CBDA69 /* Release */,
			);
			defaultConfigurationIsVisible = 0;
			defaultConfigurationName = Release;
		};
/* End XCConfigurationList section */
	};
	rootObject = 179C5C551AB079980047169F /* Project object */;
}
