// !$*UTF8*$!
{
	archiveVersion = 1;
	classes = {
	};
	objectVersion = 46;
	objects = {

/* Begin PBXBuildFile section */
		17B21DC71AB8A10D007E5370 /* AppDelegate.swift in Sources */ = {isa = PBXBuildFile; fileRef = 17B21DC61AB8A10D007E5370 /* AppDelegate.swift */; };
		17B21DC91AB8A10D007E5370 /* ViewController.swift in Sources */ = {isa = PBXBuildFile; fileRef = 17B21DC81AB8A10D007E5370 /* ViewController.swift */; };
		17B21DCC1AB8A10D007E5370 /* Main.storyboard in Resources */ = {isa = PBXBuildFile; fileRef = 17B21DCA1AB8A10D007E5370 /* Main.storyboard */; };
		17B21DCE1AB8A10D007E5370 /* Images.xcassets in Resources */ = {isa = PBXBuildFile; fileRef = 17B21DCD1AB8A10D007E5370 /* Images.xcassets */; };
		17B21DD11AB8A10D007E5370 /* LaunchScreen.xib in Resources */ = {isa = PBXBuildFile; fileRef = 17B21DCF1AB8A10D007E5370 /* LaunchScreen.xib */; };
		17B21DDD1AB8A10D007E5370 /* SwallowExampleTests.swift in Sources */ = {isa = PBXBuildFile; fileRef = 17B21DDC1AB8A10D007E5370 /* SwallowExampleTests.swift */; };
		17B21DF31AB8AAB3007E5370 /* Request.swift in Sources */ = {isa = PBXBuildFile; fileRef = 17B21DF01AB8AAB3007E5370 /* Request.swift */; };
		17B21DF41AB8AAB3007E5370 /* ServiceTask.swift in Sources */ = {isa = PBXBuildFile; fileRef = 17B21DF11AB8AAB3007E5370 /* ServiceTask.swift */; };
		17B21DF51AB8AAB3007E5370 /* WebService.swift in Sources */ = {isa = PBXBuildFile; fileRef = 17B21DF21AB8AAB3007E5370 /* WebService.swift */; };
		17B21DF71AB8AB50007E5370 /* StoreService.swift in Sources */ = {isa = PBXBuildFile; fileRef = 17B21DF61AB8AB50007E5370 /* StoreService.swift */; };
/* End PBXBuildFile section */

/* Begin PBXContainerItemProxy section */
		17B21DD71AB8A10D007E5370 /* PBXContainerItemProxy */ = {
			isa = PBXContainerItemProxy;
			containerPortal = 17B21DB91AB8A10D007E5370 /* Project object */;
			proxyType = 1;
			remoteGlobalIDString = 17B21DC01AB8A10D007E5370;
			remoteInfo = SwallowExample;
		};
/* End PBXContainerItemProxy section */

/* Begin PBXFileReference section */
		17B21DC11AB8A10D007E5370 /* SwallowExample.app */ = {isa = PBXFileReference; explicitFileType = wrapper.application; includeInIndex = 0; path = SwallowExample.app; sourceTree = BUILT_PRODUCTS_DIR; };
		17B21DC51AB8A10D007E5370 /* Info.plist */ = {isa = PBXFileReference; lastKnownFileType = text.plist.xml; path = Info.plist; sourceTree = "<group>"; };
		17B21DC61AB8A10D007E5370 /* AppDelegate.swift */ = {isa = PBXFileReference; lastKnownFileType = sourcecode.swift; path = AppDelegate.swift; sourceTree = "<group>"; };
		17B21DC81AB8A10D007E5370 /* ViewController.swift */ = {isa = PBXFileReference; lastKnownFileType = sourcecode.swift; path = ViewController.swift; sourceTree = "<group>"; };
		17B21DCB1AB8A10D007E5370 /* Base */ = {isa = PBXFileReference; lastKnownFileType = file.storyboard; name = Base; path = Base.lproj/Main.storyboard; sourceTree = "<group>"; };
		17B21DCD1AB8A10D007E5370 /* Images.xcassets */ = {isa = PBXFileReference; lastKnownFileType = folder.assetcatalog; path = Images.xcassets; sourceTree = "<group>"; };
		17B21DD01AB8A10D007E5370 /* Base */ = {isa = PBXFileReference; lastKnownFileType = file.xib; name = Base; path = Base.lproj/LaunchScreen.xib; sourceTree = "<group>"; };
		17B21DD61AB8A10D007E5370 /* SwallowExampleTests.xctest */ = {isa = PBXFileReference; explicitFileType = wrapper.cfbundle; includeInIndex = 0; path = SwallowExampleTests.xctest; sourceTree = BUILT_PRODUCTS_DIR; };
		17B21DDB1AB8A10D007E5370 /* Info.plist */ = {isa = PBXFileReference; lastKnownFileType = text.plist.xml; path = Info.plist; sourceTree = "<group>"; };
		17B21DDC1AB8A10D007E5370 /* SwallowExampleTests.swift */ = {isa = PBXFileReference; lastKnownFileType = sourcecode.swift; path = SwallowExampleTests.swift; sourceTree = "<group>"; };
		17B21DF01AB8AAB3007E5370 /* Request.swift */ = {isa = PBXFileReference; fileEncoding = 4; lastKnownFileType = sourcecode.swift; name = Request.swift; path = ../Source/Request.swift; sourceTree = "<group>"; };
		17B21DF11AB8AAB3007E5370 /* ServiceTask.swift */ = {isa = PBXFileReference; fileEncoding = 4; lastKnownFileType = sourcecode.swift; name = ServiceTask.swift; path = ../Source/ServiceTask.swift; sourceTree = "<group>"; };
		17B21DF21AB8AAB3007E5370 /* WebService.swift */ = {isa = PBXFileReference; fileEncoding = 4; lastKnownFileType = sourcecode.swift; name = WebService.swift; path = ../Source/WebService.swift; sourceTree = "<group>"; };
		17B21DF61AB8AB50007E5370 /* StoreService.swift */ = {isa = PBXFileReference; fileEncoding = 4; lastKnownFileType = sourcecode.swift; path = StoreService.swift; sourceTree = "<group>"; };
/* End PBXFileReference section */

/* Begin PBXFrameworksBuildPhase section */
		17B21DBE1AB8A10D007E5370 /* Frameworks */ = {
			isa = PBXFrameworksBuildPhase;
			buildActionMask = 2147483647;
			files = (
			);
			runOnlyForDeploymentPostprocessing = 0;
		};
		17B21DD31AB8A10D007E5370 /* Frameworks */ = {
			isa = PBXFrameworksBuildPhase;
			buildActionMask = 2147483647;
			files = (
			);
			runOnlyForDeploymentPostprocessing = 0;
		};
/* End PBXFrameworksBuildPhase section */

/* Begin PBXGroup section */
		17B21DB81AB8A10D007E5370 = {
			isa = PBXGroup;
			children = (
				17B21DEF1AB8AA9D007E5370 /* Swallow */,
				17B21DC31AB8A10D007E5370 /* SwallowExample */,
				17B21DD91AB8A10D007E5370 /* SwallowExampleTests */,
				17B21DC21AB8A10D007E5370 /* Products */,
			);
			sourceTree = "<group>";
		};
		17B21DC21AB8A10D007E5370 /* Products */ = {
			isa = PBXGroup;
			children = (
				17B21DC11AB8A10D007E5370 /* SwallowExample.app */,
				17B21DD61AB8A10D007E5370 /* SwallowExampleTests.xctest */,
			);
			name = Products;
			sourceTree = "<group>";
		};
		17B21DC31AB8A10D007E5370 /* SwallowExample */ = {
			isa = PBXGroup;
			children = (
				17B21DC61AB8A10D007E5370 /* AppDelegate.swift */,
				17B21DC81AB8A10D007E5370 /* ViewController.swift */,
				17B21DF61AB8AB50007E5370 /* StoreService.swift */,
				17B21DCA1AB8A10D007E5370 /* Main.storyboard */,
				17B21DCD1AB8A10D007E5370 /* Images.xcassets */,
				17B21DCF1AB8A10D007E5370 /* LaunchScreen.xib */,
				17B21DC41AB8A10D007E5370 /* Supporting Files */,
			);
			path = SwallowExample;
			sourceTree = "<group>";
		};
		17B21DC41AB8A10D007E5370 /* Supporting Files */ = {
			isa = PBXGroup;
			children = (
				17B21DC51AB8A10D007E5370 /* Info.plist */,
			);
			name = "Supporting Files";
			sourceTree = "<group>";
		};
		17B21DD91AB8A10D007E5370 /* SwallowExampleTests */ = {
			isa = PBXGroup;
			children = (
				17B21DDC1AB8A10D007E5370 /* SwallowExampleTests.swift */,
				17B21DDA1AB8A10D007E5370 /* Supporting Files */,
			);
			path = SwallowExampleTests;
			sourceTree = "<group>";
		};
		17B21DDA1AB8A10D007E5370 /* Supporting Files */ = {
			isa = PBXGroup;
			children = (
				17B21DDB1AB8A10D007E5370 /* Info.plist */,
			);
			name = "Supporting Files";
			sourceTree = "<group>";
		};
		17B21DEF1AB8AA9D007E5370 /* Swallow */ = {
			isa = PBXGroup;
			children = (
				17B21DF01AB8AAB3007E5370 /* Request.swift */,
				17B21DF11AB8AAB3007E5370 /* ServiceTask.swift */,
				17B21DF21AB8AAB3007E5370 /* WebService.swift */,
			);
			name = Swallow;
			sourceTree = "<group>";
		};
/* End PBXGroup section */

/* Begin PBXNativeTarget section */
		17B21DC01AB8A10D007E5370 /* SwallowExample */ = {
			isa = PBXNativeTarget;
			buildConfigurationList = 17B21DE01AB8A10D007E5370 /* Build configuration list for PBXNativeTarget "SwallowExample" */;
			buildPhases = (
				17B21DBD1AB8A10D007E5370 /* Sources */,
				17B21DBE1AB8A10D007E5370 /* Frameworks */,
				17B21DBF1AB8A10D007E5370 /* Resources */,
			);
			buildRules = (
			);
			dependencies = (
			);
			name = SwallowExample;
			productName = SwallowExample;
			productReference = 17B21DC11AB8A10D007E5370 /* SwallowExample.app */;
			productType = "com.apple.product-type.application";
		};
		17B21DD51AB8A10D007E5370 /* SwallowExampleTests */ = {
			isa = PBXNativeTarget;
			buildConfigurationList = 17B21DE31AB8A10D007E5370 /* Build configuration list for PBXNativeTarget "SwallowExampleTests" */;
			buildPhases = (
				17B21DD21AB8A10D007E5370 /* Sources */,
				17B21DD31AB8A10D007E5370 /* Frameworks */,
				17B21DD41AB8A10D007E5370 /* Resources */,
			);
			buildRules = (
			);
			dependencies = (
				17B21DD81AB8A10D007E5370 /* PBXTargetDependency */,
			);
			name = SwallowExampleTests;
			productName = SwallowExampleTests;
			productReference = 17B21DD61AB8A10D007E5370 /* SwallowExampleTests.xctest */;
			productType = "com.apple.product-type.bundle.unit-test";
		};
/* End PBXNativeTarget section */

/* Begin PBXProject section */
		17B21DB91AB8A10D007E5370 /* Project object */ = {
			isa = PBXProject;
			attributes = {
				LastUpgradeCheck = 0630;
				ORGANIZATIONNAME = TheHolyGrail;
				TargetAttributes = {
					17B21DC01AB8A10D007E5370 = {
						CreatedOnToolsVersion = 6.3;
					};
					17B21DD51AB8A10D007E5370 = {
						CreatedOnToolsVersion = 6.3;
						TestTargetID = 17B21DC01AB8A10D007E5370;
					};
				};
			};
			buildConfigurationList = 17B21DBC1AB8A10D007E5370 /* Build configuration list for PBXProject "SwallowExample" */;
			compatibilityVersion = "Xcode 3.2";
			developmentRegion = English;
			hasScannedForEncodings = 0;
			knownRegions = (
				en,
				Base,
			);
			mainGroup = 17B21DB81AB8A10D007E5370;
			productRefGroup = 17B21DC21AB8A10D007E5370 /* Products */;
			projectDirPath = "";
			projectRoot = "";
			targets = (
				17B21DC01AB8A10D007E5370 /* SwallowExample */,
				17B21DD51AB8A10D007E5370 /* SwallowExampleTests */,
			);
		};
/* End PBXProject section */

/* Begin PBXResourcesBuildPhase section */
		17B21DBF1AB8A10D007E5370 /* Resources */ = {
			isa = PBXResourcesBuildPhase;
			buildActionMask = 2147483647;
			files = (
				17B21DCC1AB8A10D007E5370 /* Main.storyboard in Resources */,
				17B21DD11AB8A10D007E5370 /* LaunchScreen.xib in Resources */,
				17B21DCE1AB8A10D007E5370 /* Images.xcassets in Resources */,
			);
			runOnlyForDeploymentPostprocessing = 0;
		};
		17B21DD41AB8A10D007E5370 /* Resources */ = {
			isa = PBXResourcesBuildPhase;
			buildActionMask = 2147483647;
			files = (
			);
			runOnlyForDeploymentPostprocessing = 0;
		};
/* End PBXResourcesBuildPhase section */

/* Begin PBXSourcesBuildPhase section */
		17B21DBD1AB8A10D007E5370 /* Sources */ = {
			isa = PBXSourcesBuildPhase;
			buildActionMask = 2147483647;
			files = (
				17B21DF41AB8AAB3007E5370 /* ServiceTask.swift in Sources */,
				17B21DC91AB8A10D007E5370 /* ViewController.swift in Sources */,
				17B21DF31AB8AAB3007E5370 /* Request.swift in Sources */,
				17B21DF51AB8AAB3007E5370 /* WebService.swift in Sources */,
				17B21DC71AB8A10D007E5370 /* AppDelegate.swift in Sources */,
				17B21DF71AB8AB50007E5370 /* StoreService.swift in Sources */,
			);
			runOnlyForDeploymentPostprocessing = 0;
		};
		17B21DD21AB8A10D007E5370 /* Sources */ = {
			isa = PBXSourcesBuildPhase;
			buildActionMask = 2147483647;
			files = (
				17B21DDD1AB8A10D007E5370 /* SwallowExampleTests.swift in Sources */,
			);
			runOnlyForDeploymentPostprocessing = 0;
		};
/* End PBXSourcesBuildPhase section */

/* Begin PBXTargetDependency section */
		17B21DD81AB8A10D007E5370 /* PBXTargetDependency */ = {
			isa = PBXTargetDependency;
			target = 17B21DC01AB8A10D007E5370 /* SwallowExample */;
			targetProxy = 17B21DD71AB8A10D007E5370 /* PBXContainerItemProxy */;
		};
/* End PBXTargetDependency section */

/* Begin PBXVariantGroup section */
		17B21DCA1AB8A10D007E5370 /* Main.storyboard */ = {
			isa = PBXVariantGroup;
			children = (
				17B21DCB1AB8A10D007E5370 /* Base */,
			);
			name = Main.storyboard;
			sourceTree = "<group>";
		};
		17B21DCF1AB8A10D007E5370 /* LaunchScreen.xib */ = {
			isa = PBXVariantGroup;
			children = (
				17B21DD01AB8A10D007E5370 /* Base */,
			);
			name = LaunchScreen.xib;
			sourceTree = "<group>";
		};
/* End PBXVariantGroup section */

/* Begin XCBuildConfiguration section */
		17B21DDE1AB8A10D007E5370 /* Debug */ = {
			isa = XCBuildConfiguration;
			buildSettings = {
				ALWAYS_SEARCH_USER_PATHS = NO;
				CLANG_CXX_LANGUAGE_STANDARD = "gnu++0x";
				CLANG_CXX_LIBRARY = "libc++";
				CLANG_ENABLE_MODULES = YES;
				CLANG_ENABLE_OBJC_ARC = YES;
				CLANG_WARN_BOOL_CONVERSION = YES;
				CLANG_WARN_CONSTANT_CONVERSION = YES;
				CLANG_WARN_DIRECT_OBJC_ISA_USAGE = YES_ERROR;
				CLANG_WARN_EMPTY_BODY = YES;
				CLANG_WARN_ENUM_CONVERSION = YES;
				CLANG_WARN_INT_CONVERSION = YES;
				CLANG_WARN_OBJC_ROOT_CLASS = YES_ERROR;
				CLANG_WARN_UNREACHABLE_CODE = YES;
				CLANG_WARN__DUPLICATE_METHOD_MATCH = YES;
				"CODE_SIGN_IDENTITY[sdk=iphoneos*]" = "iPhone Developer";
				COPY_PHASE_STRIP = NO;
				DEBUG_INFORMATION_FORMAT = "dwarf-with-dsym";
				ENABLE_STRICT_OBJC_MSGSEND = YES;
				GCC_C_LANGUAGE_STANDARD = gnu99;
				GCC_DYNAMIC_NO_PIC = NO;
				GCC_NO_COMMON_BLOCKS = YES;
				GCC_OPTIMIZATION_LEVEL = 0;
				GCC_PREPROCESSOR_DEFINITIONS = (
					"DEBUG=1",
					"$(inherited)",
				);
				GCC_SYMBOLS_PRIVATE_EXTERN = NO;
				GCC_WARN_64_TO_32_BIT_CONVERSION = YES;
				GCC_WARN_ABOUT_RETURN_TYPE = YES_ERROR;
				GCC_WARN_UNDECLARED_SELECTOR = YES;
				GCC_WARN_UNINITIALIZED_AUTOS = YES_AGGRESSIVE;
				GCC_WARN_UNUSED_FUNCTION = YES;
				GCC_WARN_UNUSED_VARIABLE = YES;
				IPHONEOS_DEPLOYMENT_TARGET = 8.3;
				MTL_ENABLE_DEBUG_INFO = YES;
				ONLY_ACTIVE_ARCH = YES;
				SDKROOT = iphoneos;
				SWIFT_OPTIMIZATION_LEVEL = "-Onone";
			};
			name = Debug;
		};
		17B21DDF1AB8A10D007E5370 /* Release */ = {
			isa = XCBuildConfiguration;
			buildSettings = {
				ALWAYS_SEARCH_USER_PATHS = NO;
				CLANG_CXX_LANGUAGE_STANDARD = "gnu++0x";
				CLANG_CXX_LIBRARY = "libc++";
				CLANG_ENABLE_MODULES = YES;
				CLANG_ENABLE_OBJC_ARC = YES;
				CLANG_WARN_BOOL_CONVERSION = YES;
				CLANG_WARN_CONSTANT_CONVERSION = YES;
				CLANG_WARN_DIRECT_OBJC_ISA_USAGE = YES_ERROR;
				CLANG_WARN_EMPTY_BODY = YES;
				CLANG_WARN_ENUM_CONVERSION = YES;
				CLANG_WARN_INT_CONVERSION = YES;
				CLANG_WARN_OBJC_ROOT_CLASS = YES_ERROR;
				CLANG_WARN_UNREACHABLE_CODE = YES;
				CLANG_WARN__DUPLICATE_METHOD_MATCH = YES;
				"CODE_SIGN_IDENTITY[sdk=iphoneos*]" = "iPhone Developer";
				COPY_PHASE_STRIP = NO;
				DEBUG_INFORMATION_FORMAT = "dwarf-with-dsym";
				ENABLE_NS_ASSERTIONS = NO;
				ENABLE_STRICT_OBJC_MSGSEND = YES;
				GCC_C_LANGUAGE_STANDARD = gnu99;
				GCC_NO_COMMON_BLOCKS = YES;
				GCC_WARN_64_TO_32_BIT_CONVERSION = YES;
				GCC_WARN_ABOUT_RETURN_TYPE = YES_ERROR;
				GCC_WARN_UNDECLARED_SELECTOR = YES;
				GCC_WARN_UNINITIALIZED_AUTOS = YES_AGGRESSIVE;
				GCC_WARN_UNUSED_FUNCTION = YES;
				GCC_WARN_UNUSED_VARIABLE = YES;
				IPHONEOS_DEPLOYMENT_TARGET = 8.3;
				MTL_ENABLE_DEBUG_INFO = NO;
				SDKROOT = iphoneos;
				VALIDATE_PRODUCT = YES;
			};
			name = Release;
		};
		17B21DE11AB8A10D007E5370 /* Debug */ = {
			isa = XCBuildConfiguration;
			buildSettings = {
				ASSETCATALOG_COMPILER_APPICON_NAME = AppIcon;
				INFOPLIST_FILE = SwallowExample/Info.plist;
				LD_RUNPATH_SEARCH_PATHS = "$(inherited) @executable_path/Frameworks";
				PRODUCT_NAME = "$(TARGET_NAME)";
			};
			name = Debug;
		};
		17B21DE21AB8A10D007E5370 /* Release */ = {
			isa = XCBuildConfiguration;
			buildSettings = {
				ASSETCATALOG_COMPILER_APPICON_NAME = AppIcon;
				INFOPLIST_FILE = SwallowExample/Info.plist;
				LD_RUNPATH_SEARCH_PATHS = "$(inherited) @executable_path/Frameworks";
				PRODUCT_NAME = "$(TARGET_NAME)";
			};
			name = Release;
		};
		17B21DE41AB8A10D007E5370 /* Debug */ = {
			isa = XCBuildConfiguration;
			buildSettings = {
				BUNDLE_LOADER = "$(TEST_HOST)";
				FRAMEWORK_SEARCH_PATHS = (
					"$(SDKROOT)/Developer/Library/Frameworks",
					"$(inherited)",
				);
				GCC_PREPROCESSOR_DEFINITIONS = (
					"DEBUG=1",
					"$(inherited)",
				);
				INFOPLIST_FILE = SwallowExampleTests/Info.plist;
				LD_RUNPATH_SEARCH_PATHS = "$(inherited) @executable_path/Frameworks @loader_path/Frameworks";
				PRODUCT_NAME = "$(TARGET_NAME)";
				TEST_HOST = "$(BUILT_PRODUCTS_DIR)/SwallowExample.app/SwallowExample";
			};
			name = Debug;
		};
		17B21DE51AB8A10D007E5370 /* Release */ = {
			isa = XCBuildConfiguration;
			buildSettings = {
				BUNDLE_LOADER = "$(TEST_HOST)";
				FRAMEWORK_SEARCH_PATHS = (
					"$(SDKROOT)/Developer/Library/Frameworks",
					"$(inherited)",
				);
				INFOPLIST_FILE = SwallowExampleTests/Info.plist;
				LD_RUNPATH_SEARCH_PATHS = "$(inherited) @executable_path/Frameworks @loader_path/Frameworks";
				PRODUCT_NAME = "$(TARGET_NAME)";
				TEST_HOST = "$(BUILT_PRODUCTS_DIR)/SwallowExample.app/SwallowExample";
			};
			name = Release;
		};
/* End XCBuildConfiguration section */

/* Begin XCConfigurationList section */
		17B21DBC1AB8A10D007E5370 /* Build configuration list for PBXProject "SwallowExample" */ = {
			isa = XCConfigurationList;
			buildConfigurations = (
				17B21DDE1AB8A10D007E5370 /* Debug */,
				17B21DDF1AB8A10D007E5370 /* Release */,
			);
			defaultConfigurationIsVisible = 0;
			defaultConfigurationName = Release;
		};
		17B21DE01AB8A10D007E5370 /* Build configuration list for PBXNativeTarget "SwallowExample" */ = {
			isa = XCConfigurationList;
			buildConfigurations = (
				17B21DE11AB8A10D007E5370 /* Debug */,
				17B21DE21AB8A10D007E5370 /* Release */,
			);
			defaultConfigurationIsVisible = 0;
			defaultConfigurationName = Release;
		};
		17B21DE31AB8A10D007E5370 /* Build configuration list for PBXNativeTarget "SwallowExampleTests" */ = {
			isa = XCConfigurationList;
			buildConfigurations = (
				17B21DE41AB8A10D007E5370 /* Debug */,
				17B21DE51AB8A10D007E5370 /* Release */,
			);
			defaultConfigurationIsVisible = 0;
			defaultConfigurationName = Release;
		};
/* End XCConfigurationList section */
	};
	rootObject = 17B21DB91AB8A10D007E5370 /* Project object */;
}
