// !$*UTF8*$!
{
	archiveVersion = 1;
	classes = {
	};
	objectVersion = 46;
	objects = {

/* Begin PBXBuildFile section */
		1762CB661A9F006000086CC2 /* ServiceTask.swift in Sources */ = {isa = PBXBuildFile; fileRef = 1762CB651A9F006000086CC2 /* ServiceTask.swift */; };
		1762CB6A1A9F00AB00086CC2 /* WebService.swift in Sources */ = {isa = PBXBuildFile; fileRef = 1762CB691A9F00AB00086CC2 /* WebService.swift */; };
		1762CB6C1A9F02F000086CC2 /* StoreService.swift in Sources */ = {isa = PBXBuildFile; fileRef = 1762CB6B1A9F02F000086CC2 /* StoreService.swift */; };
		178CAB351A9E9F46000672E5 /* AppDelegate.swift in Sources */ = {isa = PBXBuildFile; fileRef = 178CAB341A9E9F46000672E5 /* AppDelegate.swift */; };
		178CAB371A9E9F46000672E5 /* ViewController.swift in Sources */ = {isa = PBXBuildFile; fileRef = 178CAB361A9E9F46000672E5 /* ViewController.swift */; };
		178CAB3A1A9E9F46000672E5 /* Main.storyboard in Resources */ = {isa = PBXBuildFile; fileRef = 178CAB381A9E9F46000672E5 /* Main.storyboard */; };
		178CAB3C1A9E9F46000672E5 /* Images.xcassets in Resources */ = {isa = PBXBuildFile; fileRef = 178CAB3B1A9E9F46000672E5 /* Images.xcassets */; };
		178CAB3F1A9E9F46000672E5 /* LaunchScreen.xib in Resources */ = {isa = PBXBuildFile; fileRef = 178CAB3D1A9E9F46000672E5 /* LaunchScreen.xib */; };
		178CAB4B1A9E9F47000672E5 /* THGWebServiceExampleTests.swift in Sources */ = {isa = PBXBuildFile; fileRef = 178CAB4A1A9E9F47000672E5 /* THGWebServiceExampleTests.swift */; };
		178CAB581A9E9F5D000672E5 /* Request.swift in Sources */ = {isa = PBXBuildFile; fileRef = 178CAB551A9E9F5D000672E5 /* Request.swift */; };
/* End PBXBuildFile section */

/* Begin PBXContainerItemProxy section */
		178CAB451A9E9F47000672E5 /* PBXContainerItemProxy */ = {
			isa = PBXContainerItemProxy;
			containerPortal = 178CAB271A9E9F46000672E5 /* Project object */;
			proxyType = 1;
			remoteGlobalIDString = 178CAB2E1A9E9F46000672E5;
			remoteInfo = THGWebServiceExample;
		};
/* End PBXContainerItemProxy section */

/* Begin PBXFileReference section */
		1762CB651A9F006000086CC2 /* ServiceTask.swift */ = {isa = PBXFileReference; fileEncoding = 4; lastKnownFileType = sourcecode.swift; path = ServiceTask.swift; sourceTree = "<group>"; };
		1762CB691A9F00AB00086CC2 /* WebService.swift */ = {isa = PBXFileReference; fileEncoding = 4; lastKnownFileType = sourcecode.swift; path = WebService.swift; sourceTree = "<group>"; };
		1762CB6B1A9F02F000086CC2 /* StoreService.swift */ = {isa = PBXFileReference; fileEncoding = 4; lastKnownFileType = sourcecode.swift; path = StoreService.swift; sourceTree = "<group>"; };
		178CAB2F1A9E9F46000672E5 /* THGWebServiceExample.app */ = {isa = PBXFileReference; explicitFileType = wrapper.application; includeInIndex = 0; path = THGWebServiceExample.app; sourceTree = BUILT_PRODUCTS_DIR; };
		178CAB331A9E9F46000672E5 /* Info.plist */ = {isa = PBXFileReference; lastKnownFileType = text.plist.xml; path = Info.plist; sourceTree = "<group>"; };
		178CAB341A9E9F46000672E5 /* AppDelegate.swift */ = {isa = PBXFileReference; lastKnownFileType = sourcecode.swift; path = AppDelegate.swift; sourceTree = "<group>"; };
		178CAB361A9E9F46000672E5 /* ViewController.swift */ = {isa = PBXFileReference; lastKnownFileType = sourcecode.swift; path = ViewController.swift; sourceTree = "<group>"; };
		178CAB391A9E9F46000672E5 /* Base */ = {isa = PBXFileReference; lastKnownFileType = file.storyboard; name = Base; path = Base.lproj/Main.storyboard; sourceTree = "<group>"; };
		178CAB3B1A9E9F46000672E5 /* Images.xcassets */ = {isa = PBXFileReference; lastKnownFileType = folder.assetcatalog; path = Images.xcassets; sourceTree = "<group>"; };
		178CAB3E1A9E9F46000672E5 /* Base */ = {isa = PBXFileReference; lastKnownFileType = file.xib; name = Base; path = Base.lproj/LaunchScreen.xib; sourceTree = "<group>"; };
		178CAB441A9E9F47000672E5 /* THGWebServiceExampleTests.xctest */ = {isa = PBXFileReference; explicitFileType = wrapper.cfbundle; includeInIndex = 0; path = THGWebServiceExampleTests.xctest; sourceTree = BUILT_PRODUCTS_DIR; };
		178CAB491A9E9F47000672E5 /* Info.plist */ = {isa = PBXFileReference; lastKnownFileType = text.plist.xml; path = Info.plist; sourceTree = "<group>"; };
		178CAB4A1A9E9F47000672E5 /* THGWebServiceExampleTests.swift */ = {isa = PBXFileReference; lastKnownFileType = sourcecode.swift; path = THGWebServiceExampleTests.swift; sourceTree = "<group>"; };
		178CAB551A9E9F5D000672E5 /* Request.swift */ = {isa = PBXFileReference; fileEncoding = 4; lastKnownFileType = sourcecode.swift; path = Request.swift; sourceTree = "<group>"; };
/* End PBXFileReference section */

/* Begin PBXFrameworksBuildPhase section */
		178CAB2C1A9E9F46000672E5 /* Frameworks */ = {
			isa = PBXFrameworksBuildPhase;
			buildActionMask = 2147483647;
			files = (
			);
			runOnlyForDeploymentPostprocessing = 0;
		};
		178CAB411A9E9F47000672E5 /* Frameworks */ = {
			isa = PBXFrameworksBuildPhase;
			buildActionMask = 2147483647;
			files = (
			);
			runOnlyForDeploymentPostprocessing = 0;
		};
/* End PBXFrameworksBuildPhase section */

/* Begin PBXGroup section */
		178CAB261A9E9F46000672E5 = {
			isa = PBXGroup;
			children = (
				178CAB311A9E9F46000672E5 /* THGWebServiceExample */,
				178CAB471A9E9F47000672E5 /* THGWebServiceExampleTests */,
				178CAB301A9E9F46000672E5 /* Products */,
			);
			sourceTree = "<group>";
		};
		178CAB301A9E9F46000672E5 /* Products */ = {
			isa = PBXGroup;
			children = (
				178CAB2F1A9E9F46000672E5 /* THGWebServiceExample.app */,
				178CAB441A9E9F47000672E5 /* THGWebServiceExampleTests.xctest */,
			);
			name = Products;
			sourceTree = "<group>";
		};
		178CAB311A9E9F46000672E5 /* THGWebServiceExample */ = {
			isa = PBXGroup;
			children = (
				178CAB541A9E9F5D000672E5 /* THGWebService */,
				178CAB341A9E9F46000672E5 /* AppDelegate.swift */,
				178CAB361A9E9F46000672E5 /* ViewController.swift */,
				1762CB6B1A9F02F000086CC2 /* StoreService.swift */,
				178CAB381A9E9F46000672E5 /* Main.storyboard */,
				178CAB3B1A9E9F46000672E5 /* Images.xcassets */,
				178CAB3D1A9E9F46000672E5 /* LaunchScreen.xib */,
				178CAB321A9E9F46000672E5 /* Supporting Files */,
			);
			path = THGWebServiceExample;
			sourceTree = "<group>";
		};
		178CAB321A9E9F46000672E5 /* Supporting Files */ = {
			isa = PBXGroup;
			children = (
				178CAB331A9E9F46000672E5 /* Info.plist */,
			);
			name = "Supporting Files";
			sourceTree = "<group>";
		};
		178CAB471A9E9F47000672E5 /* THGWebServiceExampleTests */ = {
			isa = PBXGroup;
			children = (
				178CAB4A1A9E9F47000672E5 /* THGWebServiceExampleTests.swift */,
				178CAB481A9E9F47000672E5 /* Supporting Files */,
			);
			path = THGWebServiceExampleTests;
			sourceTree = "<group>";
		};
		178CAB481A9E9F47000672E5 /* Supporting Files */ = {
			isa = PBXGroup;
			children = (
				178CAB491A9E9F47000672E5 /* Info.plist */,
			);
			name = "Supporting Files";
			sourceTree = "<group>";
		};
		178CAB541A9E9F5D000672E5 /* THGWebService */ = {
			isa = PBXGroup;
			children = (
				1762CB691A9F00AB00086CC2 /* WebService.swift */,
				1762CB651A9F006000086CC2 /* ServiceTask.swift */,
				178CAB551A9E9F5D000672E5 /* Request.swift */,
			);
			path = THGWebService;
			sourceTree = SOURCE_ROOT;
		};
/* End PBXGroup section */

/* Begin PBXNativeTarget section */
		178CAB2E1A9E9F46000672E5 /* THGWebServiceExample */ = {
			isa = PBXNativeTarget;
			buildConfigurationList = 178CAB4E1A9E9F47000672E5 /* Build configuration list for PBXNativeTarget "THGWebServiceExample" */;
			buildPhases = (
				178CAB2B1A9E9F46000672E5 /* Sources */,
				178CAB2C1A9E9F46000672E5 /* Frameworks */,
				178CAB2D1A9E9F46000672E5 /* Resources */,
			);
			buildRules = (
			);
			dependencies = (
			);
			name = THGWebServiceExample;
			productName = THGWebServiceExample;
			productReference = 178CAB2F1A9E9F46000672E5 /* THGWebServiceExample.app */;
			productType = "com.apple.product-type.application";
		};
		178CAB431A9E9F47000672E5 /* THGWebServiceExampleTests */ = {
			isa = PBXNativeTarget;
			buildConfigurationList = 178CAB511A9E9F47000672E5 /* Build configuration list for PBXNativeTarget "THGWebServiceExampleTests" */;
			buildPhases = (
				178CAB401A9E9F47000672E5 /* Sources */,
				178CAB411A9E9F47000672E5 /* Frameworks */,
				178CAB421A9E9F47000672E5 /* Resources */,
			);
			buildRules = (
			);
			dependencies = (
				178CAB461A9E9F47000672E5 /* PBXTargetDependency */,
			);
			name = THGWebServiceExampleTests;
			productName = THGWebServiceExampleTests;
			productReference = 178CAB441A9E9F47000672E5 /* THGWebServiceExampleTests.xctest */;
			productType = "com.apple.product-type.bundle.unit-test";
		};
/* End PBXNativeTarget section */

/* Begin PBXProject section */
		178CAB271A9E9F46000672E5 /* Project object */ = {
			isa = PBXProject;
			attributes = {
				LastUpgradeCheck = 0630;
				ORGANIZATIONNAME = TheHolyGrail;
				TargetAttributes = {
					178CAB2E1A9E9F46000672E5 = {
						CreatedOnToolsVersion = 6.3;
					};
					178CAB431A9E9F47000672E5 = {
						CreatedOnToolsVersion = 6.3;
						TestTargetID = 178CAB2E1A9E9F46000672E5;
					};
				};
			};
			buildConfigurationList = 178CAB2A1A9E9F46000672E5 /* Build configuration list for PBXProject "THGWebServiceExample" */;
			compatibilityVersion = "Xcode 3.2";
			developmentRegion = English;
			hasScannedForEncodings = 0;
			knownRegions = (
				en,
				Base,
			);
			mainGroup = 178CAB261A9E9F46000672E5;
			productRefGroup = 178CAB301A9E9F46000672E5 /* Products */;
			projectDirPath = "";
			projectRoot = "";
			targets = (
				178CAB2E1A9E9F46000672E5 /* THGWebServiceExample */,
				178CAB431A9E9F47000672E5 /* THGWebServiceExampleTests */,
			);
		};
/* End PBXProject section */

/* Begin PBXResourcesBuildPhase section */
		178CAB2D1A9E9F46000672E5 /* Resources */ = {
			isa = PBXResourcesBuildPhase;
			buildActionMask = 2147483647;
			files = (
				178CAB3A1A9E9F46000672E5 /* Main.storyboard in Resources */,
				178CAB3F1A9E9F46000672E5 /* LaunchScreen.xib in Resources */,
				178CAB3C1A9E9F46000672E5 /* Images.xcassets in Resources */,
			);
			runOnlyForDeploymentPostprocessing = 0;
		};
		178CAB421A9E9F47000672E5 /* Resources */ = {
			isa = PBXResourcesBuildPhase;
			buildActionMask = 2147483647;
			files = (
			);
			runOnlyForDeploymentPostprocessing = 0;
		};
/* End PBXResourcesBuildPhase section */

/* Begin PBXSourcesBuildPhase section */
		178CAB2B1A9E9F46000672E5 /* Sources */ = {
			isa = PBXSourcesBuildPhase;
			buildActionMask = 2147483647;
			files = (
				1762CB661A9F006000086CC2 /* ServiceTask.swift in Sources */,
				178CAB371A9E9F46000672E5 /* ViewController.swift in Sources */,
				178CAB581A9E9F5D000672E5 /* Request.swift in Sources */,
				1762CB6A1A9F00AB00086CC2 /* WebService.swift in Sources */,
				178CAB351A9E9F46000672E5 /* AppDelegate.swift in Sources */,
				1762CB6C1A9F02F000086CC2 /* StoreService.swift in Sources */,
			);
			runOnlyForDeploymentPostprocessing = 0;
		};
		178CAB401A9E9F47000672E5 /* Sources */ = {
			isa = PBXSourcesBuildPhase;
			buildActionMask = 2147483647;
			files = (
				178CAB4B1A9E9F47000672E5 /* THGWebServiceExampleTests.swift in Sources */,
			);
			runOnlyForDeploymentPostprocessing = 0;
		};
/* End PBXSourcesBuildPhase section */

/* Begin PBXTargetDependency section */
		178CAB461A9E9F47000672E5 /* PBXTargetDependency */ = {
			isa = PBXTargetDependency;
			target = 178CAB2E1A9E9F46000672E5 /* THGWebServiceExample */;
			targetProxy = 178CAB451A9E9F47000672E5 /* PBXContainerItemProxy */;
		};
/* End PBXTargetDependency section */

/* Begin PBXVariantGroup section */
		178CAB381A9E9F46000672E5 /* Main.storyboard */ = {
			isa = PBXVariantGroup;
			children = (
				178CAB391A9E9F46000672E5 /* Base */,
			);
			name = Main.storyboard;
			sourceTree = "<group>";
		};
		178CAB3D1A9E9F46000672E5 /* LaunchScreen.xib */ = {
			isa = PBXVariantGroup;
			children = (
				178CAB3E1A9E9F46000672E5 /* Base */,
			);
			name = LaunchScreen.xib;
			sourceTree = "<group>";
		};
/* End PBXVariantGroup section */

/* Begin XCBuildConfiguration section */
		178CAB4C1A9E9F47000672E5 /* Debug */ = {
			isa = XCBuildConfiguration;
			buildSettings = {
				ALWAYS_SEARCH_USER_PATHS = NO;
				CLANG_CXX_LANGUAGE_STANDARD = "gnu++0x";
				CLANG_CXX_LIBRARY = "libc++";
				CLANG_ENABLE_MODULES = YES;
				CLANG_ENABLE_OBJC_ARC = YES;
				CLANG_WARN_BOOL_CONVERSION = YES;
				CLANG_WARN_CONSTANT_CONVERSION = YES;
				CLANG_WARN_DIRECT_OBJC_ISA_USAGE = YES_ERROR;
				CLANG_WARN_EMPTY_BODY = YES;
				CLANG_WARN_ENUM_CONVERSION = YES;
				CLANG_WARN_INT_CONVERSION = YES;
				CLANG_WARN_OBJC_ROOT_CLASS = YES_ERROR;
				CLANG_WARN_UNREACHABLE_CODE = YES;
				CLANG_WARN__DUPLICATE_METHOD_MATCH = YES;
				"CODE_SIGN_IDENTITY[sdk=iphoneos*]" = "iPhone Developer";
				COPY_PHASE_STRIP = NO;
				DEBUG_INFORMATION_FORMAT = dwarf;
				ENABLE_STRICT_OBJC_MSGSEND = YES;
				GCC_C_LANGUAGE_STANDARD = gnu99;
				GCC_DYNAMIC_NO_PIC = NO;
				GCC_NO_COMMON_BLOCKS = YES;
				GCC_OPTIMIZATION_LEVEL = 0;
				GCC_PREPROCESSOR_DEFINITIONS = (
					"DEBUG=1",
					"$(inherited)",
				);
				GCC_SYMBOLS_PRIVATE_EXTERN = NO;
				GCC_WARN_64_TO_32_BIT_CONVERSION = YES;
				GCC_WARN_ABOUT_RETURN_TYPE = YES_ERROR;
				GCC_WARN_UNDECLARED_SELECTOR = YES;
				GCC_WARN_UNINITIALIZED_AUTOS = YES_AGGRESSIVE;
				GCC_WARN_UNUSED_FUNCTION = YES;
				GCC_WARN_UNUSED_VARIABLE = YES;
				IPHONEOS_DEPLOYMENT_TARGET = 8.3;
				MTL_ENABLE_DEBUG_INFO = YES;
				ONLY_ACTIVE_ARCH = YES;
				SDKROOT = iphoneos;
				SWIFT_OPTIMIZATION_LEVEL = "-Onone";
			};
			name = Debug;
		};
		178CAB4D1A9E9F47000672E5 /* Release */ = {
			isa = XCBuildConfiguration;
			buildSettings = {
				ALWAYS_SEARCH_USER_PATHS = NO;
				CLANG_CXX_LANGUAGE_STANDARD = "gnu++0x";
				CLANG_CXX_LIBRARY = "libc++";
				CLANG_ENABLE_MODULES = YES;
				CLANG_ENABLE_OBJC_ARC = YES;
				CLANG_WARN_BOOL_CONVERSION = YES;
				CLANG_WARN_CONSTANT_CONVERSION = YES;
				CLANG_WARN_DIRECT_OBJC_ISA_USAGE = YES_ERROR;
				CLANG_WARN_EMPTY_BODY = YES;
				CLANG_WARN_ENUM_CONVERSION = YES;
				CLANG_WARN_INT_CONVERSION = YES;
				CLANG_WARN_OBJC_ROOT_CLASS = YES_ERROR;
				CLANG_WARN_UNREACHABLE_CODE = YES;
				CLANG_WARN__DUPLICATE_METHOD_MATCH = YES;
				"CODE_SIGN_IDENTITY[sdk=iphoneos*]" = "iPhone Developer";
				COPY_PHASE_STRIP = NO;
				DEBUG_INFORMATION_FORMAT = "dwarf-with-dsym";
				ENABLE_NS_ASSERTIONS = NO;
				ENABLE_STRICT_OBJC_MSGSEND = YES;
				GCC_C_LANGUAGE_STANDARD = gnu99;
				GCC_NO_COMMON_BLOCKS = YES;
				GCC_WARN_64_TO_32_BIT_CONVERSION = YES;
				GCC_WARN_ABOUT_RETURN_TYPE = YES_ERROR;
				GCC_WARN_UNDECLARED_SELECTOR = YES;
				GCC_WARN_UNINITIALIZED_AUTOS = YES_AGGRESSIVE;
				GCC_WARN_UNUSED_FUNCTION = YES;
				GCC_WARN_UNUSED_VARIABLE = YES;
				IPHONEOS_DEPLOYMENT_TARGET = 8.3;
				MTL_ENABLE_DEBUG_INFO = NO;
				SDKROOT = iphoneos;
				VALIDATE_PRODUCT = YES;
			};
			name = Release;
		};
		178CAB4F1A9E9F47000672E5 /* Debug */ = {
			isa = XCBuildConfiguration;
			buildSettings = {
				ASSETCATALOG_COMPILER_APPICON_NAME = AppIcon;
				INFOPLIST_FILE = THGWebServiceExample/Info.plist;
				LD_RUNPATH_SEARCH_PATHS = "$(inherited) @executable_path/Frameworks";
				PRODUCT_NAME = "$(TARGET_NAME)";
			};
			name = Debug;
		};
		178CAB501A9E9F47000672E5 /* Release */ = {
			isa = XCBuildConfiguration;
			buildSettings = {
				ASSETCATALOG_COMPILER_APPICON_NAME = AppIcon;
				INFOPLIST_FILE = THGWebServiceExample/Info.plist;
				LD_RUNPATH_SEARCH_PATHS = "$(inherited) @executable_path/Frameworks";
				PRODUCT_NAME = "$(TARGET_NAME)";
			};
			name = Release;
		};
		178CAB521A9E9F47000672E5 /* Debug */ = {
			isa = XCBuildConfiguration;
			buildSettings = {
				BUNDLE_LOADER = "$(TEST_HOST)";
				FRAMEWORK_SEARCH_PATHS = (
					"$(SDKROOT)/Developer/Library/Frameworks",
					"$(inherited)",
				);
				GCC_PREPROCESSOR_DEFINITIONS = (
					"DEBUG=1",
					"$(inherited)",
				);
				INFOPLIST_FILE = THGWebServiceExampleTests/Info.plist;
				LD_RUNPATH_SEARCH_PATHS = "$(inherited) @executable_path/Frameworks @loader_path/Frameworks";
				PRODUCT_NAME = "$(TARGET_NAME)";
				TEST_HOST = "$(BUILT_PRODUCTS_DIR)/THGWebServiceExample.app/THGWebServiceExample";
			};
			name = Debug;
		};
		178CAB531A9E9F47000672E5 /* Release */ = {
			isa = XCBuildConfiguration;
			buildSettings = {
				BUNDLE_LOADER = "$(TEST_HOST)";
				FRAMEWORK_SEARCH_PATHS = (
					"$(SDKROOT)/Developer/Library/Frameworks",
					"$(inherited)",
				);
				INFOPLIST_FILE = THGWebServiceExampleTests/Info.plist;
				LD_RUNPATH_SEARCH_PATHS = "$(inherited) @executable_path/Frameworks @loader_path/Frameworks";
				PRODUCT_NAME = "$(TARGET_NAME)";
				TEST_HOST = "$(BUILT_PRODUCTS_DIR)/THGWebServiceExample.app/THGWebServiceExample";
			};
			name = Release;
		};
/* End XCBuildConfiguration section */

/* Begin XCConfigurationList section */
		178CAB2A1A9E9F46000672E5 /* Build configuration list for PBXProject "THGWebServiceExample" */ = {
			isa = XCConfigurationList;
			buildConfigurations = (
				178CAB4C1A9E9F47000672E5 /* Debug */,
				178CAB4D1A9E9F47000672E5 /* Release */,
			);
			defaultConfigurationIsVisible = 0;
			defaultConfigurationName = Release;
		};
		178CAB4E1A9E9F47000672E5 /* Build configuration list for PBXNativeTarget "THGWebServiceExample" */ = {
			isa = XCConfigurationList;
			buildConfigurations = (
				178CAB4F1A9E9F47000672E5 /* Debug */,
				178CAB501A9E9F47000672E5 /* Release */,
			);
			defaultConfigurationIsVisible = 0;
			defaultConfigurationName = Release;
		};
		178CAB511A9E9F47000672E5 /* Build configuration list for PBXNativeTarget "THGWebServiceExampleTests" */ = {
			isa = XCConfigurationList;
			buildConfigurations = (
				178CAB521A9E9F47000672E5 /* Debug */,
				178CAB531A9E9F47000672E5 /* Release */,
			);
			defaultConfigurationIsVisible = 0;
			defaultConfigurationName = Release;
		};
/* End XCConfigurationList section */
	};
	rootObject = 178CAB271A9E9F46000672E5 /* Project object */;
}
